// !$*UTF8*$!
{
	archiveVersion = 1;
	classes = {
	};
	objectVersion = 46;
	objects = {

/* Begin PBXBuildFile section */
		322151701E628FDF00459B03 /* AppDelegate.swift in Sources */ = {isa = PBXBuildFile; fileRef = 3221516F1E628FDF00459B03 /* AppDelegate.swift */; };
		322151721E628FDF00459B03 /* ViewController.swift in Sources */ = {isa = PBXBuildFile; fileRef = 322151711E628FDF00459B03 /* ViewController.swift */; };
		322151751E628FDF00459B03 /* Main.storyboard in Resources */ = {isa = PBXBuildFile; fileRef = 322151731E628FDF00459B03 /* Main.storyboard */; };
		322151771E628FDF00459B03 /* Assets.xcassets in Resources */ = {isa = PBXBuildFile; fileRef = 322151761E628FDF00459B03 /* Assets.xcassets */; };
		3221517A1E628FDF00459B03 /* LaunchScreen.storyboard in Resources */ = {isa = PBXBuildFile; fileRef = 322151781E628FDF00459B03 /* LaunchScreen.storyboard */; };
/* End PBXBuildFile section */

/* Begin PBXFileReference section */
		3221516C1E628FDF00459B03 /* PCMDownSamplingSample.app */ = {isa = PBXFileReference; explicitFileType = wrapper.application; includeInIndex = 0; path = PCMDownSamplingSample.app; sourceTree = BUILT_PRODUCTS_DIR; };
		3221516F1E628FDF00459B03 /* AppDelegate.swift */ = {isa = PBXFileReference; lastKnownFileType = sourcecode.swift; path = AppDelegate.swift; sourceTree = "<group>"; };
		322151711E628FDF00459B03 /* ViewController.swift */ = {isa = PBXFileReference; lastKnownFileType = sourcecode.swift; path = ViewController.swift; sourceTree = "<group>"; };
		322151741E628FDF00459B03 /* Base */ = {isa = PBXFileReference; lastKnownFileType = file.storyboard; name = Base; path = Base.lproj/Main.storyboard; sourceTree = "<group>"; };
		322151761E628FDF00459B03 /* Assets.xcassets */ = {isa = PBXFileReference; lastKnownFileType = folder.assetcatalog; path = Assets.xcassets; sourceTree = "<group>"; };
		322151791E628FDF00459B03 /* Base */ = {isa = PBXFileReference; lastKnownFileType = file.storyboard; name = Base; path = Base.lproj/LaunchScreen.storyboard; sourceTree = "<group>"; };
		3221517B1E628FDF00459B03 /* Info.plist */ = {isa = PBXFileReference; lastKnownFileType = text.plist.xml; path = Info.plist; sourceTree = "<group>"; };
/* End PBXFileReference section */

/* Begin PBXFrameworksBuildPhase section */
		322151691E628FDF00459B03 /* Frameworks */ = {
			isa = PBXFrameworksBuildPhase;
			buildActionMask = 2147483647;
			files = (
			);
			runOnlyForDeploymentPostprocessing = 0;
		};
/* End PBXFrameworksBuildPhase section */

/* Begin PBXGroup section */
		322151631E628FDF00459B03 = {
			isa = PBXGroup;
			children = (
				3221516E1E628FDF00459B03 /* PCMDownSamplingSample */,
				3221516D1E628FDF00459B03 /* Products */,
			);
			sourceTree = "<group>";
		};
		3221516D1E628FDF00459B03 /* Products */ = {
			isa = PBXGroup;
			children = (
				3221516C1E628FDF00459B03 /* PCMDownSamplingSample.app */,
			);
			name = Products;
			sourceTree = "<group>";
		};
		3221516E1E628FDF00459B03 /* PCMDownSamplingSample */ = {
			isa = PBXGroup;
			children = (
				3221516F1E628FDF00459B03 /* AppDelegate.swift */,
				322151711E628FDF00459B03 /* ViewController.swift */,
				322151731E628FDF00459B03 /* Main.storyboard */,
				322151761E628FDF00459B03 /* Assets.xcassets */,
				322151781E628FDF00459B03 /* LaunchScreen.storyboard */,
				3221517B1E628FDF00459B03 /* Info.plist */,
			);
			path = PCMDownSamplingSample;
			sourceTree = "<group>";
		};
/* End PBXGroup section */

/* Begin PBXNativeTarget section */
		3221516B1E628FDF00459B03 /* PCMDownSamplingSample */ = {
			isa = PBXNativeTarget;
			buildConfigurationList = 3221517E1E628FDF00459B03 /* Build configuration list for PBXNativeTarget "PCMDownSamplingSample" */;
			buildPhases = (
				322151681E628FDF00459B03 /* Sources */,
				322151691E628FDF00459B03 /* Frameworks */,
				3221516A1E628FDF00459B03 /* Resources */,
			);
			buildRules = (
			);
			dependencies = (
			);
			name = PCMDownSamplingSample;
			productName = PCMDownSamplingSample;
			productReference = 3221516C1E628FDF00459B03 /* PCMDownSamplingSample.app */;
			productType = "com.apple.product-type.application";
		};
/* End PBXNativeTarget section */

/* Begin PBXProject section */
		322151641E628FDF00459B03 /* Project object */ = {
			isa = PBXProject;
			attributes = {
				LastSwiftUpdateCheck = 0820;
				LastUpgradeCheck = 0820;
				ORGANIZATIONNAME = "T@d";
				TargetAttributes = {
					3221516B1E628FDF00459B03 = {
						CreatedOnToolsVersion = 8.2.1;
						DevelopmentTeam = LPMD2DMU36;
						ProvisioningStyle = Automatic;
					};
				};
			};
			buildConfigurationList = 322151671E628FDF00459B03 /* Build configuration list for PBXProject "PCMDownSamplingSample" */;
			compatibilityVersion = "Xcode 3.2";
			developmentRegion = English;
			hasScannedForEncodings = 0;
			knownRegions = (
				en,
				Base,
			);
			mainGroup = 322151631E628FDF00459B03;
			productRefGroup = 3221516D1E628FDF00459B03 /* Products */;
			projectDirPath = "";
			projectRoot = "";
			targets = (
				3221516B1E628FDF00459B03 /* PCMDownSamplingSample */,
			);
		};
/* End PBXProject section */

/* Begin PBXResourcesBuildPhase section */
		3221516A1E628FDF00459B03 /* Resources */ = {
			isa = PBXResourcesBuildPhase;
			buildActionMask = 2147483647;
			files = (
				3221517A1E628FDF00459B03 /* LaunchScreen.storyboard in Resources */,
				322151771E628FDF00459B03 /* Assets.xcassets in Resources */,
				322151751E628FDF00459B03 /* Main.storyboard in Resources */,
			);
			runOnlyForDeploymentPostprocessing = 0;
		};
/* End PBXResourcesBuildPhase section */

/* Begin PBXSourcesBuildPhase section */
		322151681E628FDF00459B03 /* Sources */ = {
			isa = PBXSourcesBuildPhase;
			buildActionMask = 2147483647;
			files = (
				322151721E628FDF00459B03 /* ViewController.swift in Sources */,
				322151701E628FDF00459B03 /* AppDelegate.swift in Sources */,
			);
			runOnlyForDeploymentPostprocessing = 0;
		};
/* End PBXSourcesBuildPhase section */

/* Begin PBXVariantGroup section */
		322151731E628FDF00459B03 /* Main.storyboard */ = {
			isa = PBXVariantGroup;
			children = (
				322151741E628FDF00459B03 /* Base */,
			);
			name = Main.storyboard;
			sourceTree = "<group>";
		};
		322151781E628FDF00459B03 /* LaunchScreen.storyboard */ = {
			isa = PBXVariantGroup;
			children = (
				322151791E628FDF00459B03 /* Base */,
			);
			name = LaunchScreen.storyboard;
			sourceTree = "<group>";
		};
/* End PBXVariantGroup section */

/* Begin XCBuildConfiguration section */
		3221517C1E628FDF00459B03 /* Debug */ = {
			isa = XCBuildConfiguration;
			buildSettings = {
				ALWAYS_SEARCH_USER_PATHS = NO;
				CLANG_ANALYZER_NONNULL = YES;
				CLANG_CXX_LANGUAGE_STANDARD = "gnu++0x";
				CLANG_CXX_LIBRARY = "libc++";
				CLANG_ENABLE_MODULES = YES;
				CLANG_ENABLE_OBJC_ARC = YES;
				CLANG_WARN_BOOL_CONVERSION = YES;
				CLANG_WARN_CONSTANT_CONVERSION = YES;
				CLANG_WARN_DIRECT_OBJC_ISA_USAGE = YES_ERROR;
				CLANG_WARN_DOCUMENTATION_COMMENTS = YES;
				CLANG_WARN_EMPTY_BODY = YES;
				CLANG_WARN_ENUM_CONVERSION = YES;
				CLANG_WARN_INFINITE_RECURSION = YES;
				CLANG_WARN_INT_CONVERSION = YES;
				CLANG_WARN_OBJC_ROOT_CLASS = YES_ERROR;
				CLANG_WARN_SUSPICIOUS_MOVE = YES;
				CLANG_WARN_UNREACHABLE_CODE = YES;
				CLANG_WARN__DUPLICATE_METHOD_MATCH = YES;
				"CODE_SIGN_IDENTITY[sdk=iphoneos*]" = "iPhone Developer";
				COPY_PHASE_STRIP = NO;
				DEBUG_INFORMATION_FORMAT = dwarf;
				ENABLE_STRICT_OBJC_MSGSEND = YES;
				ENABLE_TESTABILITY = YES;
				GCC_C_LANGUAGE_STANDARD = gnu99;
				GCC_DYNAMIC_NO_PIC = NO;
				GCC_NO_COMMON_BLOCKS = YES;
				GCC_OPTIMIZATION_LEVEL = 0;
				GCC_PREPROCESSOR_DEFINITIONS = (
					"DEBUG=1",
					"$(inherited)",
				);
				GCC_WARN_64_TO_32_BIT_CONVERSION = YES;
				GCC_WARN_ABOUT_RETURN_TYPE = YES_ERROR;
				GCC_WARN_UNDECLARED_SELECTOR = YES;
				GCC_WARN_UNINITIALIZED_AUTOS = YES_AGGRESSIVE;
				GCC_WARN_UNUSED_FUNCTION = YES;
				GCC_WARN_UNUSED_VARIABLE = YES;
				IPHONEOS_DEPLOYMENT_TARGET = 10.2;
				MTL_ENABLE_DEBUG_INFO = YES;
				ONLY_ACTIVE_ARCH = YES;
				SDKROOT = iphoneos;
				SWIFT_ACTIVE_COMPILATION_CONDITIONS = DEBUG;
				SWIFT_OPTIMIZATION_LEVEL = "-Onone";
			};
			name = Debug;
		};
		3221517D1E628FDF00459B03 /* Release */ = {
			isa = XCBuildConfiguration;
			buildSettings = {
				ALWAYS_SEARCH_USER_PATHS = NO;
				CLANG_ANALYZER_NONNULL = YES;
				CLANG_CXX_LANGUAGE_STANDARD = "gnu++0x";
				CLANG_CXX_LIBRARY = "libc++";
				CLANG_ENABLE_MODULES = YES;
				CLANG_ENABLE_OBJC_ARC = YES;
				CLANG_WARN_BOOL_CONVERSION = YES;
				CLANG_WARN_CONSTANT_CONVERSION = YES;
				CLANG_WARN_DIRECT_OBJC_ISA_USAGE = YES_ERROR;
				CLANG_WARN_DOCUMENTATION_COMMENTS = YES;
				CLANG_WARN_EMPTY_BODY = YES;
				CLANG_WARN_ENUM_CONVERSION = YES;
				CLANG_WARN_INFINITE_RECURSION = YES;
				CLANG_WARN_INT_CONVERSION = YES;
				CLANG_WARN_OBJC_ROOT_CLASS = YES_ERROR;
				CLANG_WARN_SUSPICIOUS_MOVE = YES;
				CLANG_WARN_UNREACHABLE_CODE = YES;
				CLANG_WARN__DUPLICATE_METHOD_MATCH = YES;
				"CODE_SIGN_IDENTITY[sdk=iphoneos*]" = "iPhone Developer";
				COPY_PHASE_STRIP = NO;
				DEBUG_INFORMATION_FORMAT = "dwarf-with-dsym";
				ENABLE_NS_ASSERTIONS = NO;
				ENABLE_STRICT_OBJC_MSGSEND = YES;
				GCC_C_LANGUAGE_STANDARD = gnu99;
				GCC_NO_COMMON_BLOCKS = YES;
				GCC_WARN_64_TO_32_BIT_CONVERSION = YES;
				GCC_WARN_ABOUT_RETURN_TYPE = YES_ERROR;
				GCC_WARN_UNDECLARED_SELECTOR = YES;
				GCC_WARN_UNINITIALIZED_AUTOS = YES_AGGRESSIVE;
				GCC_WARN_UNUSED_FUNCTION = YES;
				GCC_WARN_UNUSED_VARIABLE = YES;
				IPHONEOS_DEPLOYMENT_TARGET = 10.2;
				MTL_ENABLE_DEBUG_INFO = NO;
				SDKROOT = iphoneos;
				SWIFT_OPTIMIZATION_LEVEL = "-Owholemodule";
				VALIDATE_PRODUCT = YES;
			};
			name = Release;
		};
		3221517F1E628FDF00459B03 /* Debug */ = {
			isa = XCBuildConfiguration;
			buildSettings = {
				ASSETCATALOG_COMPILER_APPICON_NAME = AppIcon;
				DEVELOPMENT_TEAM = LPMD2DMU36;
				INFOPLIST_FILE = PCMDownSamplingSample/Info.plist;
				LD_RUNPATH_SEARCH_PATHS = "$(inherited) @executable_path/Frameworks";
				PRODUCT_BUNDLE_IDENTIFIER = fm.blunder.PCMDownSamplingSample;
				PRODUCT_NAME = "$(TARGET_NAME)";
				SWIFT_VERSION = 3.0;
			};
			name = Debug;
		};
		322151801E628FDF00459B03 /* Release */ = {
			isa = XCBuildConfiguration;
			buildSettings = {
				ASSETCATALOG_COMPILER_APPICON_NAME = AppIcon;
				DEVELOPMENT_TEAM = LPMD2DMU36;
				INFOPLIST_FILE = PCMDownSamplingSample/Info.plist;
				LD_RUNPATH_SEARCH_PATHS = "$(inherited) @executable_path/Frameworks";
				PRODUCT_BUNDLE_IDENTIFIER = fm.blunder.PCMDownSamplingSample;
				PRODUCT_NAME = "$(TARGET_NAME)";
				SWIFT_VERSION = 3.0;
			};
			name = Release;
		};
/* End XCBuildConfiguration section */

/* Begin XCConfigurationList section */
		322151671E628FDF00459B03 /* Build configuration list for PBXProject "PCMDownSamplingSample" */ = {
			isa = XCConfigurationList;
			buildConfigurations = (
				3221517C1E628FDF00459B03 /* Debug */,
				3221517D1E628FDF00459B03 /* Release */,
			);
			defaultConfigurationIsVisible = 0;
			defaultConfigurationName = Release;
		};
		3221517E1E628FDF00459B03 /* Build configuration list for PBXNativeTarget "PCMDownSamplingSample" */ = {
			isa = XCConfigurationList;
			buildConfigurations = (
				3221517F1E628FDF00459B03 /* Debug */,
				322151801E628FDF00459B03 /* Release */,
			);
			defaultConfigurationIsVisible = 0;
		};
/* End XCConfigurationList section */
	};
	rootObject = 322151641E628FDF00459B03 /* Project object */;
}
